
Microsoft Visual Studio Solution File, Format Version 12.00
# Visual Studio Version 16
VisualStudioVersion = 16.0.29920.165
MinimumVisualStudioVersion = 10.0.40219.1
Project("{FAE04EC0-301F-11D3-BF4B-00C04F79EFBC}") = "HelloWorld", "HelloWorld\HelloWorld.csproj", "{2D43C0CF-6E76-481D-9251-D4A8C0A65AB3}"
EndProject
Global
	GlobalSection(SolutionConfigurationPlatforms) = preSolution
		Debug|Any CPU = Debug|Any CPU
		Release|Any CPU = Release|Any CPU
	EndGlobalSection
	GlobalSection(ProjectConfigurationPlatforms) = postSolution
		{2D43C0CF-6E76-481D-9251-D4A8C0A65AB3}.Debug|Any CPU.ActiveCfg = Debug|Any CPU
		{2D43C0CF-6E76-481D-9251-D4A8C0A65AB3}.Debug|Any CPU.Build.0 = Debug|Any CPU
		{2D43C0CF-6E76-481D-9251-D4A8C0A65AB3}.Release|Any CPU.ActiveCfg = Release|Any CPU
		{2D43C0CF-6E76-481D-9251-D4A8C0A65AB3}.Release|Any CPU.Build.0 = Release|Any CPU
	EndGlobalSection
	GlobalSection(SolutionProperties) = preSolution
		HideSolutionNode = FALSE
	EndGlobalSection
	GlobalSection(ExtensibilityGlobals) = postSolution
		SolutionGuid = {2162DD11-FAF2-412F-9173-4AFA040A5DD2}
	EndGlobalSection
EndGlobal
